
Microsoft Visual Studio Solution File, Format Version 12.00
# Visual Studio Version 17
VisualStudioVersion = 17.10.34928.147
MinimumVisualStudioVersion = 10.0.40219.1
Project("{FAE04EC0-301F-11D3-BF4B-00C04F79EFBC}") = "TodoApi", "TodoApi\TodoApi.csproj", "{140A5990-A8B4-42C2-B722-B932C8C9B7F2}"
EndProject
Project("{FAE04EC0-301F-11D3-BF4B-00C04F79EFBC}") = "TodoApi.Tests", "TodoApi.Tests\TodoApi.Tests.csproj", "{46BBD5BE-42D0-4E08-9E9B-EA20370F9E17}"
EndProject
Global
	GlobalSection(SolutionConfigurationPlatforms) = preSolution
		Debug|Any CPU = Debug|Any CPU
		Release|Any CPU = Release|Any CPU
	EndGlobalSection
	GlobalSection(ProjectConfigurationPlatforms) = postSolution
		{140A5990-A8B4-42C2-B722-B932C8C9B7F2}.Debug|Any CPU.ActiveCfg = Debug|Any CPU
		{140A5990-A8B4-42C2-B722-B932C8C9B7F2}.Debug|Any CPU.Build.0 = Debug|Any CPU
		{140A5990-A8B4-42C2-B722-B932C8C9B7F2}.Release|Any CPU.ActiveCfg = Release|Any CPU
		{140A5990-A8B4-42C2-B722-B932C8C9B7F2}.Release|Any CPU.Build.0 = Release|Any CPU
		{46BBD5BE-42D0-4E08-9E9B-EA20370F9E17}.Debug|Any CPU.ActiveCfg = Debug|Any CPU
		{46BBD5BE-42D0-4E08-9E9B-EA20370F9E17}.Debug|Any CPU.Build.0 = Debug|Any CPU
		{46BBD5BE-42D0-4E08-9E9B-EA20370F9E17}.Release|Any CPU.ActiveCfg = Release|Any CPU
		{46BBD5BE-42D0-4E08-9E9B-EA20370F9E17}.Release|Any CPU.Build.0 = Release|Any CPU
	EndGlobalSection
	GlobalSection(SolutionProperties) = preSolution
		HideSolutionNode = FALSE
	EndGlobalSection
	GlobalSection(ExtensibilityGlobals) = postSolution
		SolutionGuid = {FF3145BF-7522-4217-A802-DCB19847895C}
	EndGlobalSection
EndGlobal
